// !$*UTF8*$!
{
	archiveVersion = 1;
	classes = {
	};
	objectVersion = 46;
	objects = {

/* Begin PBXBuildFile section */
		C108A78E1D9AFD2D00AD8D82 /* main.m in Sources */ = {isa = PBXBuildFile; fileRef = C108A78D1D9AFD2D00AD8D82 /* main.m */; };
		C108A7911D9AFD2D00AD8D82 /* AppDelegate.m in Sources */ = {isa = PBXBuildFile; fileRef = C108A7901D9AFD2D00AD8D82 /* AppDelegate.m */; };
		C108A7941D9AFD2D00AD8D82 /* FlightsTableViewController.m in Sources */ = {isa = PBXBuildFile; fileRef = C108A7931D9AFD2D00AD8D82 /* FlightsTableViewController.m */; };
		C108A7971D9AFD2D00AD8D82 /* TrainsTableViewController.m in Sources */ = {isa = PBXBuildFile; fileRef = C108A7961D9AFD2D00AD8D82 /* TrainsTableViewController.m */; };
		C108A79A1D9AFD2D00AD8D82 /* Main.storyboard in Resources */ = {isa = PBXBuildFile; fileRef = C108A7981D9AFD2D00AD8D82 /* Main.storyboard */; };
		C108A79C1D9AFD2D00AD8D82 /* Assets.xcassets in Resources */ = {isa = PBXBuildFile; fileRef = C108A79B1D9AFD2D00AD8D82 /* Assets.xcassets */; };
		C108A79F1D9AFD2D00AD8D82 /* LaunchScreen.storyboard in Resources */ = {isa = PBXBuildFile; fileRef = C108A79D1D9AFD2D00AD8D82 /* LaunchScreen.storyboard */; };
		C108A7A91D9AFFA400AD8D82 /* ConnectionManager.m in Sources */ = {isa = PBXBuildFile; fileRef = C108A7A81D9AFFA400AD8D82 /* ConnectionManager.m */; };
		C108A7AD1D9B094400AD8D82 /* GenericDataBO.m in Sources */ = {isa = PBXBuildFile; fileRef = C108A7AC1D9B094400AD8D82 /* GenericDataBO.m */; };
		C108A7B01D9B0A4100AD8D82 /* Utils.m in Sources */ = {isa = PBXBuildFile; fileRef = C108A7AF1D9B0A4100AD8D82 /* Utils.m */; };
		C108A7B51D9B108D00AD8D82 /* GenericDataTableViewCell.m in Sources */ = {isa = PBXBuildFile; fileRef = C108A7B31D9B108D00AD8D82 /* GenericDataTableViewCell.m */; };
		C108A7B61D9B108D00AD8D82 /* GenericDataTableViewCell.xib in Resources */ = {isa = PBXBuildFile; fileRef = C108A7B41D9B108D00AD8D82 /* GenericDataTableViewCell.xib */; };
		C108A7B91D9B24A700AD8D82 /* MenuViewController.m in Sources */ = {isa = PBXBuildFile; fileRef = C108A7B81D9B24A700AD8D82 /* MenuViewController.m */; };
		C108A7BC1D9B4F9600AD8D82 /* goEuroTest.xcdatamodeld in Sources */ = {isa = PBXBuildFile; fileRef = C108A7BA1D9B4F9600AD8D82 /* goEuroTest.xcdatamodeld */; };
		C108A7C21D9B50C000AD8D82 /* GenericData.m in Sources */ = {isa = PBXBuildFile; fileRef = C108A7C01D9B50C000AD8D82 /* GenericData.m */; };
		C108A7C61D9B511400AD8D82 /* StoreManager.m in Sources */ = {isa = PBXBuildFile; fileRef = C108A7C51D9B511400AD8D82 /* StoreManager.m */; };
		C108A7CC1D9B562700AD8D82 /* GenericData+CoreDataProperties.m in Sources */ = {isa = PBXBuildFile; fileRef = C108A7CB1D9B562700AD8D82 /* GenericData+CoreDataProperties.m */; };
		C108A7CF1D9C667B00AD8D82 /* SortingOptionsTableViewController.swift in Sources */ = {isa = PBXBuildFile; fileRef = C108A7CE1D9C667B00AD8D82 /* SortingOptionsTableViewController.swift */; };
/* End PBXBuildFile section */

/* Begin PBXFileReference section */
		C108A7891D9AFD2D00AD8D82 /* goEuroTest.app */ = {isa = PBXFileReference; explicitFileType = wrapper.application; includeInIndex = 0; path = goEuroTest.app; sourceTree = BUILT_PRODUCTS_DIR; };
		C108A78D1D9AFD2D00AD8D82 /* main.m */ = {isa = PBXFileReference; lastKnownFileType = sourcecode.c.objc; path = main.m; sourceTree = "<group>"; };
		C108A78F1D9AFD2D00AD8D82 /* AppDelegate.h */ = {isa = PBXFileReference; lastKnownFileType = sourcecode.c.h; path = AppDelegate.h; sourceTree = "<group>"; };
		C108A7901D9AFD2D00AD8D82 /* AppDelegate.m */ = {isa = PBXFileReference; lastKnownFileType = sourcecode.c.objc; path = AppDelegate.m; sourceTree = "<group>"; };
		C108A7921D9AFD2D00AD8D82 /* FlightsTableViewController.h */ = {isa = PBXFileReference; lastKnownFileType = sourcecode.c.h; path = FlightsTableViewController.h; sourceTree = "<group>"; };
		C108A7931D9AFD2D00AD8D82 /* FlightsTableViewController.m */ = {isa = PBXFileReference; lastKnownFileType = sourcecode.c.objc; path = FlightsTableViewController.m; sourceTree = "<group>"; };
		C108A7951D9AFD2D00AD8D82 /* TrainsTableViewController.h */ = {isa = PBXFileReference; lastKnownFileType = sourcecode.c.h; path = TrainsTableViewController.h; sourceTree = "<group>"; };
		C108A7961D9AFD2D00AD8D82 /* TrainsTableViewController.m */ = {isa = PBXFileReference; lastKnownFileType = sourcecode.c.objc; path = TrainsTableViewController.m; sourceTree = "<group>"; };
		C108A7991D9AFD2D00AD8D82 /* Base */ = {isa = PBXFileReference; lastKnownFileType = file.storyboard; name = Base; path = Base.lproj/Main.storyboard; sourceTree = "<group>"; };
		C108A79B1D9AFD2D00AD8D82 /* Assets.xcassets */ = {isa = PBXFileReference; lastKnownFileType = folder.assetcatalog; path = Assets.xcassets; sourceTree = "<group>"; };
		C108A79E1D9AFD2D00AD8D82 /* Base */ = {isa = PBXFileReference; lastKnownFileType = file.storyboard; name = Base; path = Base.lproj/LaunchScreen.storyboard; sourceTree = "<group>"; };
		C108A7A01D9AFD2D00AD8D82 /* Info.plist */ = {isa = PBXFileReference; lastKnownFileType = text.plist.xml; path = Info.plist; sourceTree = "<group>"; };
		C108A7A71D9AFFA400AD8D82 /* ConnectionManager.h */ = {isa = PBXFileReference; fileEncoding = 4; lastKnownFileType = sourcecode.c.h; path = ConnectionManager.h; sourceTree = "<group>"; };
		C108A7A81D9AFFA400AD8D82 /* ConnectionManager.m */ = {isa = PBXFileReference; fileEncoding = 4; lastKnownFileType = sourcecode.c.objc; path = ConnectionManager.m; sourceTree = "<group>"; };
		C108A7AB1D9B094400AD8D82 /* GenericDataBO.h */ = {isa = PBXFileReference; fileEncoding = 4; lastKnownFileType = sourcecode.c.h; path = GenericDataBO.h; sourceTree = "<group>"; };
		C108A7AC1D9B094400AD8D82 /* GenericDataBO.m */ = {isa = PBXFileReference; fileEncoding = 4; lastKnownFileType = sourcecode.c.objc; path = GenericDataBO.m; sourceTree = "<group>"; };
		C108A7AE1D9B0A4100AD8D82 /* Utils.h */ = {isa = PBXFileReference; fileEncoding = 4; lastKnownFileType = sourcecode.c.h; path = Utils.h; sourceTree = "<group>"; };
		C108A7AF1D9B0A4100AD8D82 /* Utils.m */ = {isa = PBXFileReference; fileEncoding = 4; lastKnownFileType = sourcecode.c.objc; path = Utils.m; sourceTree = "<group>"; };
		C108A7B21D9B108D00AD8D82 /* GenericDataTableViewCell.h */ = {isa = PBXFileReference; fileEncoding = 4; lastKnownFileType = sourcecode.c.h; path = GenericDataTableViewCell.h; sourceTree = "<group>"; };
		C108A7B31D9B108D00AD8D82 /* GenericDataTableViewCell.m */ = {isa = PBXFileReference; fileEncoding = 4; lastKnownFileType = sourcecode.c.objc; path = GenericDataTableViewCell.m; sourceTree = "<group>"; };
		C108A7B41D9B108D00AD8D82 /* GenericDataTableViewCell.xib */ = {isa = PBXFileReference; fileEncoding = 4; lastKnownFileType = file.xib; path = GenericDataTableViewCell.xib; sourceTree = "<group>"; };
		C108A7B71D9B24A700AD8D82 /* MenuViewController.h */ = {isa = PBXFileReference; fileEncoding = 4; lastKnownFileType = sourcecode.c.h; path = MenuViewController.h; sourceTree = "<group>"; };
		C108A7B81D9B24A700AD8D82 /* MenuViewController.m */ = {isa = PBXFileReference; fileEncoding = 4; lastKnownFileType = sourcecode.c.objc; path = MenuViewController.m; sourceTree = "<group>"; };
		C108A7BB1D9B4F9600AD8D82 /* goEuroTest.xcdatamodel */ = {isa = PBXFileReference; lastKnownFileType = wrapper.xcdatamodel; path = goEuroTest.xcdatamodel; sourceTree = "<group>"; };
		C108A7BF1D9B50C000AD8D82 /* GenericData.h */ = {isa = PBXFileReference; fileEncoding = 4; lastKnownFileType = sourcecode.c.h; path = GenericData.h; sourceTree = "<group>"; };
		C108A7C01D9B50C000AD8D82 /* GenericData.m */ = {isa = PBXFileReference; fileEncoding = 4; lastKnownFileType = sourcecode.c.objc; path = GenericData.m; sourceTree = "<group>"; };
		C108A7C41D9B511400AD8D82 /* StoreManager.h */ = {isa = PBXFileReference; fileEncoding = 4; lastKnownFileType = sourcecode.c.h; path = StoreManager.h; sourceTree = "<group>"; };
		C108A7C51D9B511400AD8D82 /* StoreManager.m */ = {isa = PBXFileReference; fileEncoding = 4; lastKnownFileType = sourcecode.c.objc; path = StoreManager.m; sourceTree = "<group>"; };
		C108A7CA1D9B562700AD8D82 /* GenericData+CoreDataProperties.h */ = {isa = PBXFileReference; fileEncoding = 4; lastKnownFileType = sourcecode.c.h; path = "GenericData+CoreDataProperties.h"; sourceTree = "<group>"; };
		C108A7CB1D9B562700AD8D82 /* GenericData+CoreDataProperties.m */ = {isa = PBXFileReference; fileEncoding = 4; lastKnownFileType = sourcecode.c.objc; path = "GenericData+CoreDataProperties.m"; sourceTree = "<group>"; };
		C108A7CD1D9C667A00AD8D82 /* goEuroTest-Bridging-Header.h */ = {isa = PBXFileReference; lastKnownFileType = sourcecode.c.h; path = "goEuroTest-Bridging-Header.h"; sourceTree = "<group>"; };
		C108A7CE1D9C667B00AD8D82 /* SortingOptionsTableViewController.swift */ = {isa = PBXFileReference; fileEncoding = 4; lastKnownFileType = sourcecode.swift; path = SortingOptionsTableViewController.swift; sourceTree = "<group>"; };
/* End PBXFileReference section */

/* Begin PBXFrameworksBuildPhase section */
		C108A7861D9AFD2D00AD8D82 /* Frameworks */ = {
			isa = PBXFrameworksBuildPhase;
			buildActionMask = 2147483647;
			files = (
			);
			runOnlyForDeploymentPostprocessing = 0;
		};
/* End PBXFrameworksBuildPhase section */

/* Begin PBXGroup section */
		C108A7801D9AFD2D00AD8D82 = {
			isa = PBXGroup;
			children = (
				C108A78B1D9AFD2D00AD8D82 /* goEuroTest */,
				C108A78A1D9AFD2D00AD8D82 /* Products */,
			);
			sourceTree = "<group>";
		};
		C108A78A1D9AFD2D00AD8D82 /* Products */ = {
			isa = PBXGroup;
			children = (
				C108A7891D9AFD2D00AD8D82 /* goEuroTest.app */,
			);
			name = Products;
			sourceTree = "<group>";
		};
		C108A78B1D9AFD2D00AD8D82 /* goEuroTest */ = {
			isa = PBXGroup;
			children = (
				C108A7CD1D9C667A00AD8D82 /* goEuroTest-Bridging-Header.h */,
				C108A78F1D9AFD2D00AD8D82 /* AppDelegate.h */,
				C108A7901D9AFD2D00AD8D82 /* AppDelegate.m */,
				C108A7AE1D9B0A4100AD8D82 /* Utils.h */,
				C108A7AF1D9B0A4100AD8D82 /* Utils.m */,
				C108A7AA1D9B093500AD8D82 /* Business Objects */,
				C108A7A61D9AFF9300AD8D82 /* Managers */,
				C108A7B71D9B24A700AD8D82 /* MenuViewController.h */,
				C108A7B81D9B24A700AD8D82 /* MenuViewController.m */,
				C108A7921D9AFD2D00AD8D82 /* FlightsTableViewController.h */,
				C108A7931D9AFD2D00AD8D82 /* FlightsTableViewController.m */,
				C108A7951D9AFD2D00AD8D82 /* TrainsTableViewController.h */,
				C108A7961D9AFD2D00AD8D82 /* TrainsTableViewController.m */,
				C108A7CE1D9C667B00AD8D82 /* SortingOptionsTableViewController.swift */,
				C108A7B11D9B106E00AD8D82 /* Custom Views */,
				C108A7981D9AFD2D00AD8D82 /* Main.storyboard */,
				C108A79B1D9AFD2D00AD8D82 /* Assets.xcassets */,
				C108A79D1D9AFD2D00AD8D82 /* LaunchScreen.storyboard */,
				C108A7A01D9AFD2D00AD8D82 /* Info.plist */,
				C108A7C31D9B50CE00AD8D82 /* Core Data */,
				C108A78C1D9AFD2D00AD8D82 /* Supporting Files */,
			);
			path = goEuroTest;
			sourceTree = "<group>";
		};
		C108A78C1D9AFD2D00AD8D82 /* Supporting Files */ = {
			isa = PBXGroup;
			children = (
				C108A78D1D9AFD2D00AD8D82 /* main.m */,
			);
			name = "Supporting Files";
			sourceTree = "<group>";
		};
		C108A7A61D9AFF9300AD8D82 /* Managers */ = {
			isa = PBXGroup;
			children = (
				C108A7A71D9AFFA400AD8D82 /* ConnectionManager.h */,
				C108A7A81D9AFFA400AD8D82 /* ConnectionManager.m */,
				C108A7C41D9B511400AD8D82 /* StoreManager.h */,
				C108A7C51D9B511400AD8D82 /* StoreManager.m */,
			);
			path = Managers;
			sourceTree = "<group>";
		};
		C108A7AA1D9B093500AD8D82 /* Business Objects */ = {
			isa = PBXGroup;
			children = (
				C108A7AB1D9B094400AD8D82 /* GenericDataBO.h */,
				C108A7AC1D9B094400AD8D82 /* GenericDataBO.m */,
			);
			path = "Business Objects";
			sourceTree = "<group>";
		};
		C108A7B11D9B106E00AD8D82 /* Custom Views */ = {
			isa = PBXGroup;
			children = (
				C108A7B21D9B108D00AD8D82 /* GenericDataTableViewCell.h */,
				C108A7B31D9B108D00AD8D82 /* GenericDataTableViewCell.m */,
				C108A7B41D9B108D00AD8D82 /* GenericDataTableViewCell.xib */,
			);
			path = "Custom Views";
			sourceTree = "<group>";
		};
		C108A7C31D9B50CE00AD8D82 /* Core Data */ = {
			isa = PBXGroup;
			children = (
				C108A7BA1D9B4F9600AD8D82 /* goEuroTest.xcdatamodeld */,
				C108A7CA1D9B562700AD8D82 /* GenericData+CoreDataProperties.h */,
				C108A7CB1D9B562700AD8D82 /* GenericData+CoreDataProperties.m */,
				C108A7BF1D9B50C000AD8D82 /* GenericData.h */,
				C108A7C01D9B50C000AD8D82 /* GenericData.m */,
			);
			name = "Core Data";
			sourceTree = "<group>";
		};
/* End PBXGroup section */

/* Begin PBXNativeTarget section */
		C108A7881D9AFD2D00AD8D82 /* goEuroTest */ = {
			isa = PBXNativeTarget;
			buildConfigurationList = C108A7A31D9AFD2D00AD8D82 /* Build configuration list for PBXNativeTarget "goEuroTest" */;
			buildPhases = (
				C108A7851D9AFD2D00AD8D82 /* Sources */,
				C108A7861D9AFD2D00AD8D82 /* Frameworks */,
				C108A7871D9AFD2D00AD8D82 /* Resources */,
			);
			buildRules = (
			);
			dependencies = (
			);
			name = goEuroTest;
			productName = goEuroTest;
			productReference = C108A7891D9AFD2D00AD8D82 /* goEuroTest.app */;
			productType = "com.apple.product-type.application";
		};
/* End PBXNativeTarget section */

/* Begin PBXProject section */
		C108A7811D9AFD2D00AD8D82 /* Project object */ = {
			isa = PBXProject;
			attributes = {
				LastUpgradeCheck = 0730;
				ORGANIZATIONNAME = goeuro;
				TargetAttributes = {
					C108A7881D9AFD2D00AD8D82 = {
						CreatedOnToolsVersion = 7.3.1;
						DevelopmentTeam = MYCBG3H474;
						LastSwiftMigration = 0810;
					};
				};
			};
			buildConfigurationList = C108A7841D9AFD2D00AD8D82 /* Build configuration list for PBXProject "goEuroTest" */;
			compatibilityVersion = "Xcode 3.2";
			developmentRegion = English;
			hasScannedForEncodings = 0;
			knownRegions = (
				en,
				Base,
			);
			mainGroup = C108A7801D9AFD2D00AD8D82;
			productRefGroup = C108A78A1D9AFD2D00AD8D82 /* Products */;
			projectDirPath = "";
			projectRoot = "";
			targets = (
				C108A7881D9AFD2D00AD8D82 /* goEuroTest */,
			);
		};
/* End PBXProject section */

/* Begin PBXResourcesBuildPhase section */
		C108A7871D9AFD2D00AD8D82 /* Resources */ = {
			isa = PBXResourcesBuildPhase;
			buildActionMask = 2147483647;
			files = (
				C108A79F1D9AFD2D00AD8D82 /* LaunchScreen.storyboard in Resources */,
				C108A79C1D9AFD2D00AD8D82 /* Assets.xcassets in Resources */,
				C108A79A1D9AFD2D00AD8D82 /* Main.storyboard in Resources */,
				C108A7B61D9B108D00AD8D82 /* GenericDataTableViewCell.xib in Resources */,
			);
			runOnlyForDeploymentPostprocessing = 0;
		};
/* End PBXResourcesBuildPhase section */

/* Begin PBXSourcesBuildPhase section */
		C108A7851D9AFD2D00AD8D82 /* Sources */ = {
			isa = PBXSourcesBuildPhase;
			buildActionMask = 2147483647;
			files = (
				C108A7C61D9B511400AD8D82 /* StoreManager.m in Sources */,
				C108A7CF1D9C667B00AD8D82 /* SortingOptionsTableViewController.swift in Sources */,
				C108A7971D9AFD2D00AD8D82 /* TrainsTableViewController.m in Sources */,
				C108A7B91D9B24A700AD8D82 /* MenuViewController.m in Sources */,
				C108A7911D9AFD2D00AD8D82 /* AppDelegate.m in Sources */,
				C108A7A91D9AFFA400AD8D82 /* ConnectionManager.m in Sources */,
				C108A7941D9AFD2D00AD8D82 /* FlightsTableViewController.m in Sources */,
				C108A7AD1D9B094400AD8D82 /* GenericDataBO.m in Sources */,
				C108A7B01D9B0A4100AD8D82 /* Utils.m in Sources */,
				C108A78E1D9AFD2D00AD8D82 /* main.m in Sources */,
				C108A7BC1D9B4F9600AD8D82 /* goEuroTest.xcdatamodeld in Sources */,
				C108A7CC1D9B562700AD8D82 /* GenericData+CoreDataProperties.m in Sources */,
				C108A7B51D9B108D00AD8D82 /* GenericDataTableViewCell.m in Sources */,
				C108A7C21D9B50C000AD8D82 /* GenericData.m in Sources */,
			);
			runOnlyForDeploymentPostprocessing = 0;
		};
/* End PBXSourcesBuildPhase section */

/* Begin PBXVariantGroup section */
		C108A7981D9AFD2D00AD8D82 /* Main.storyboard */ = {
			isa = PBXVariantGroup;
			children = (
				C108A7991D9AFD2D00AD8D82 /* Base */,
			);
			name = Main.storyboard;
			sourceTree = "<group>";
		};
		C108A79D1D9AFD2D00AD8D82 /* LaunchScreen.storyboard */ = {
			isa = PBXVariantGroup;
			children = (
				C108A79E1D9AFD2D00AD8D82 /* Base */,
			);
			name = LaunchScreen.storyboard;
			sourceTree = "<group>";
		};
/* End PBXVariantGroup section */

/* Begin XCBuildConfiguration section */
		C108A7A11D9AFD2D00AD8D82 /* Debug */ = {
			isa = XCBuildConfiguration;
			buildSettings = {
				ALWAYS_SEARCH_USER_PATHS = NO;
				CLANG_ANALYZER_NONNULL = YES;
				CLANG_CXX_LANGUAGE_STANDARD = "gnu++0x";
				CLANG_CXX_LIBRARY = "libc++";
				CLANG_ENABLE_MODULES = YES;
				CLANG_ENABLE_OBJC_ARC = YES;
				CLANG_WARN_BOOL_CONVERSION = YES;
				CLANG_WARN_CONSTANT_CONVERSION = YES;
				CLANG_WARN_DIRECT_OBJC_ISA_USAGE = YES_ERROR;
				CLANG_WARN_EMPTY_BODY = YES;
				CLANG_WARN_ENUM_CONVERSION = YES;
				CLANG_WARN_INT_CONVERSION = YES;
				CLANG_WARN_OBJC_ROOT_CLASS = YES_ERROR;
				CLANG_WARN_UNREACHABLE_CODE = YES;
				CLANG_WARN__DUPLICATE_METHOD_MATCH = YES;
				"CODE_SIGN_IDENTITY[sdk=iphoneos*]" = "iPhone Developer";
				COPY_PHASE_STRIP = NO;
				DEBUG_INFORMATION_FORMAT = dwarf;
				ENABLE_STRICT_OBJC_MSGSEND = YES;
				ENABLE_TESTABILITY = YES;
				GCC_C_LANGUAGE_STANDARD = gnu99;
				GCC_DYNAMIC_NO_PIC = NO;
				GCC_NO_COMMON_BLOCKS = YES;
				GCC_OPTIMIZATION_LEVEL = 0;
				GCC_PREPROCESSOR_DEFINITIONS = (
					"DEBUG=1",
					"$(inherited)",
				);
				GCC_WARN_64_TO_32_BIT_CONVERSION = YES;
				GCC_WARN_ABOUT_RETURN_TYPE = YES_ERROR;
				GCC_WARN_UNDECLARED_SELECTOR = YES;
				GCC_WARN_UNINITIALIZED_AUTOS = YES_AGGRESSIVE;
				GCC_WARN_UNUSED_FUNCTION = YES;
				GCC_WARN_UNUSED_VARIABLE = YES;
				IPHONEOS_DEPLOYMENT_TARGET = 9.3;
				MTL_ENABLE_DEBUG_INFO = YES;
				ONLY_ACTIVE_ARCH = YES;
				SDKROOT = iphoneos;
				TARGETED_DEVICE_FAMILY = "1,2";
			};
			name = Debug;
		};
		C108A7A21D9AFD2D00AD8D82 /* Release */ = {
			isa = XCBuildConfiguration;
			buildSettings = {
				ALWAYS_SEARCH_USER_PATHS = NO;
				CLANG_ANALYZER_NONNULL = YES;
				CLANG_CXX_LANGUAGE_STANDARD = "gnu++0x";
				CLANG_CXX_LIBRARY = "libc++";
				CLANG_ENABLE_MODULES = YES;
				CLANG_ENABLE_OBJC_ARC = YES;
				CLANG_WARN_BOOL_CONVERSION = YES;
				CLANG_WARN_CONSTANT_CONVERSION = YES;
				CLANG_WARN_DIRECT_OBJC_ISA_USAGE = YES_ERROR;
				CLANG_WARN_EMPTY_BODY = YES;
				CLANG_WARN_ENUM_CONVERSION = YES;
				CLANG_WARN_INT_CONVERSION = YES;
				CLANG_WARN_OBJC_ROOT_CLASS = YES_ERROR;
				CLANG_WARN_UNREACHABLE_CODE = YES;
				CLANG_WARN__DUPLICATE_METHOD_MATCH = YES;
				"CODE_SIGN_IDENTITY[sdk=iphoneos*]" = "iPhone Developer";
				COPY_PHASE_STRIP = NO;
				DEBUG_INFORMATION_FORMAT = "dwarf-with-dsym";
				ENABLE_NS_ASSERTIONS = NO;
				ENABLE_STRICT_OBJC_MSGSEND = YES;
				GCC_C_LANGUAGE_STANDARD = gnu99;
				GCC_NO_COMMON_BLOCKS = YES;
				GCC_WARN_64_TO_32_BIT_CONVERSION = YES;
				GCC_WARN_ABOUT_RETURN_TYPE = YES_ERROR;
				GCC_WARN_UNDECLARED_SELECTOR = YES;
				GCC_WARN_UNINITIALIZED_AUTOS = YES_AGGRESSIVE;
				GCC_WARN_UNUSED_FUNCTION = YES;
				GCC_WARN_UNUSED_VARIABLE = YES;
				IPHONEOS_DEPLOYMENT_TARGET = 9.3;
				MTL_ENABLE_DEBUG_INFO = NO;
				SDKROOT = iphoneos;
				TARGETED_DEVICE_FAMILY = "1,2";
				VALIDATE_PRODUCT = YES;
			};
			name = Release;
		};
		C108A7A41D9AFD2D00AD8D82 /* Debug */ = {
			isa = XCBuildConfiguration;
			buildSettings = {
				ASSETCATALOG_COMPILER_APPICON_NAME = AppIcon;
				CLANG_ENABLE_MODULES = YES;
				DEVELOPMENT_TEAM = MYCBG3H474;
				EMBEDDED_CONTENT_CONTAINS_SWIFT = YES;
				INFOPLIST_FILE = goEuroTest/Info.plist;
				LD_RUNPATH_SEARCH_PATHS = "$(inherited) @executable_path/Frameworks";
				PRODUCT_BUNDLE_IDENTIFIER = com.coderpug.goEuroTest;
				PRODUCT_NAME = "$(TARGET_NAME)";
				SWIFT_OBJC_BRIDGING_HEADER = "goEuroTest/goEuroTest-Bridging-Header.h";
				SWIFT_OPTIMIZATION_LEVEL = "-Onone";
				SWIFT_VERSION = 3.0;
			};
			name = Debug;
		};
		C108A7A51D9AFD2D00AD8D82 /* Release */ = {
			isa = XCBuildConfiguration;
			buildSettings = {
				ASSETCATALOG_COMPILER_APPICON_NAME = AppIcon;
				CLANG_ENABLE_MODULES = YES;
				DEVELOPMENT_TEAM = MYCBG3H474;
				EMBEDDED_CONTENT_CONTAINS_SWIFT = YES;
				INFOPLIST_FILE = goEuroTest/Info.plist;
				LD_RUNPATH_SEARCH_PATHS = "$(inherited) @executable_path/Frameworks";
				PRODUCT_BUNDLE_IDENTIFIER = com.coderpug.goEuroTest;
				PRODUCT_NAME = "$(TARGET_NAME)";
				SWIFT_OBJC_BRIDGING_HEADER = "goEuroTest/goEuroTest-Bridging-Header.h";
				SWIFT_VERSION = 3.0;
			};
			name = Release;
		};
/* End XCBuildConfiguration section */

/* Begin XCConfigurationList section */
		C108A7841D9AFD2D00AD8D82 /* Build configuration list for PBXProject "goEuroTest" */ = {
			isa = XCConfigurationList;
			buildConfigurations = (
				C108A7A11D9AFD2D00AD8D82 /* Debug */,
				C108A7A21D9AFD2D00AD8D82 /* Release */,
			);
			defaultConfigurationIsVisible = 0;
			defaultConfigurationName = Release;
		};
		C108A7A31D9AFD2D00AD8D82 /* Build configuration list for PBXNativeTarget "goEuroTest" */ = {
			isa = XCConfigurationList;
			buildConfigurations = (
				C108A7A41D9AFD2D00AD8D82 /* Debug */,
				C108A7A51D9AFD2D00AD8D82 /* Release */,
			);
			defaultConfigurationIsVisible = 0;
			defaultConfigurationName = Release;
		};
/* End XCConfigurationList section */

/* Begin XCVersionGroup section */
		C108A7BA1D9B4F9600AD8D82 /* goEuroTest.xcdatamodeld */ = {
			isa = XCVersionGroup;
			children = (
				C108A7BB1D9B4F9600AD8D82 /* goEuroTest.xcdatamodel */,
			);
			currentVersion = C108A7BB1D9B4F9600AD8D82 /* goEuroTest.xcdatamodel */;
			path = goEuroTest.xcdatamodeld;
			sourceTree = "<group>";
			versionGroupType = wrapper.xcdatamodel;
		};
/* End XCVersionGroup section */
	};
	rootObject = C108A7811D9AFD2D00AD8D82 /* Project object */;
}
